{
  "name": "2023-mongolia-outreach",
  "version": "1.0.0",
  "lockfileVersion": 2,
  "requires": true,
  "packages": {
    "": {
      "name": "2023-mongolia-outreach",
      "version": "1.0.0",
      "license": "ISC",
      "dependencies": {
        "viewerjs": "^1.11.4"
      }
    },
    "node_modules/viewerjs": {
      "version": "1.11.4",
      "resolved": "https://registry.npmjs.org/viewerjs/-/viewerjs-1.11.4.tgz",
      "integrity": "sha512-/mnqMIwt5Bi9j59+48OqQtqgOx8oh186Xshdr/dqqBrakMSMlLt/jmeNHBod0PvOkesZf66ivQbWmtWYBlKetg=="
    }
  },
  "dependencies": {
    "viewerjs": {
      "version": "1.11.4",
      "resolved": "https://registry.npmjs.org/viewerjs/-/viewerjs-1.11.4.tgz",
      "integrity": "sha512-/mnqMIwt5Bi9j59+48OqQtqgOx8oh186Xshdr/dqqBrakMSMlLt/jmeNHBod0PvOkesZf66ivQbWmtWYBlKetg=="
    }
  }
}
